Microsoft Visual Studio Solution File, Format Version 12.00
# Visual Studio Version 17
VisualStudioVersion = 17.5.2.0
MinimumVisualStudioVersion = 10.0.40219.1
Project("{FAE04EC0-301F-11D3-BF4B-00C04F79EFBC}") = "LoItems", "LoItems.csproj", "{8B402F75-2296-CB8C-E81E-B8B49C184352}"
EndProject
Global
	GlobalSection(SolutionConfigurationPlatforms) = preSolution
		Debug|Any CPU = Debug|Any CPU
		Release|Any CPU = Release|Any CPU
	EndGlobalSection
	GlobalSection(ProjectConfigurationPlatforms) = postSolution
		{8B402F75-2296-CB8C-E81E-B8B49C184352}.Debug|Any CPU.ActiveCfg = Debug|Any CPU
		{8B402F75-2296-CB8C-E81E-B8B49C184352}.Debug|Any CPU.Build.0 = Debug|Any CPU
		{8B402F75-2296-CB8C-E81E-B8B49C184352}.Release|Any CPU.ActiveCfg = Release|Any CPU
		{8B402F75-2296-CB8C-E81E-B8B49C184352}.Release|Any CPU.Build.0 = Release|Any CPU
	EndGlobalSection
	GlobalSection(SolutionProperties) = preSolution
		HideSolutionNode = FALSE
	EndGlobalSection
	GlobalSection(ExtensibilityGlobals) = postSolution
		SolutionGuid = {E5E6F837-B25F-4A09-B282-7296689F8ED5}
	EndGlobalSection
EndGlobal
